// !$*UTF8*$!
{
	archiveVersion = 1;
	classes = {
	};
	objectVersion = 46;
	objects = {

/* Begin PBXBuildFile section */
		1AE19CB919FBB1AF00A716D5 /* main.m in Sources */ = {isa = PBXBuildFile; fileRef = 1AE19CB819FBB1AF00A716D5 /* main.m */; };
		1AE19CBC19FBB1AF00A716D5 /* AppDelegate.m in Sources */ = {isa = PBXBuildFile; fileRef = 1AE19CBB19FBB1AF00A716D5 /* AppDelegate.m */; };
		1AE19CC419FBB1AF00A716D5 /* Images.xcassets in Resources */ = {isa = PBXBuildFile; fileRef = 1AE19CC319FBB1AF00A716D5 /* Images.xcassets */; };
		1AE19CD319FBB1AF00A716D5 /* SavannahEchoExampleTests.m in Sources */ = {isa = PBXBuildFile; fileRef = 1AE19CD219FBB1AF00A716D5 /* SavannahEchoExampleTests.m */; };
		1AE19CDE19FBB21B00A716D5 /* SVNHCommand.m in Sources */ = {isa = PBXBuildFile; fileRef = 1AE19CDD19FBB21B00A716D5 /* SVNHCommand.m */; };
		1AE19CE119FBB26300A716D5 /* SVNHWebViewManager.m in Sources */ = {isa = PBXBuildFile; fileRef = 1AE19CE019FBB26300A716D5 /* SVNHWebViewManager.m */; };
		1AE19CE419FBB30100A716D5 /* UIKit.framework in Frameworks */ = {isa = PBXBuildFile; fileRef = 1AE19CE319FBB30100A716D5 /* UIKit.framework */; };
		1AE19CE619FBB3F800A716D5 /* Foundation.framework in Frameworks */ = {isa = PBXBuildFile; fileRef = 1AE19CE519FBB3F800A716D5 /* Foundation.framework */; };
		1AE19CE919FBC25700A716D5 /* SVNHEchoPlugin.m in Sources */ = {isa = PBXBuildFile; fileRef = 1AE19CE819FBC25700A716D5 /* SVNHEchoPlugin.m */; };
		1AE19CEB19FBC68700A716D5 /* www in Resources */ = {isa = PBXBuildFile; fileRef = 1AE19CEA19FBC68700A716D5 /* www */; };
		1AE19CEE19FBDB1500A716D5 /* Default-568h@2x.png in Resources */ = {isa = PBXBuildFile; fileRef = 1AE19CED19FBDB1500A716D5 /* Default-568h@2x.png */; };
/* End PBXBuildFile section */

/* Begin PBXContainerItemProxy section */
		1AE19CCD19FBB1AF00A716D5 /* PBXContainerItemProxy */ = {
			isa = PBXContainerItemProxy;
			containerPortal = 1AE19CAB19FBB1AF00A716D5 /* Project object */;
			proxyType = 1;
			remoteGlobalIDString = 1AE19CB219FBB1AF00A716D5;
			remoteInfo = SavannahEchoExample;
		};
/* End PBXContainerItemProxy section */

/* Begin PBXFileReference section */
		1AE19CB319FBB1AF00A716D5 /* SavannahEchoExample.app */ = {isa = PBXFileReference; explicitFileType = wrapper.application; includeInIndex = 0; path = SavannahEchoExample.app; sourceTree = BUILT_PRODUCTS_DIR; };
		1AE19CB719FBB1AF00A716D5 /* Info.plist */ = {isa = PBXFileReference; lastKnownFileType = text.plist.xml; path = Info.plist; sourceTree = "<group>"; };
		1AE19CB819FBB1AF00A716D5 /* main.m */ = {isa = PBXFileReference; lastKnownFileType = sourcecode.c.objc; path = main.m; sourceTree = "<group>"; };
		1AE19CBA19FBB1AF00A716D5 /* AppDelegate.h */ = {isa = PBXFileReference; lastKnownFileType = sourcecode.c.h; path = AppDelegate.h; sourceTree = "<group>"; };
		1AE19CBB19FBB1AF00A716D5 /* AppDelegate.m */ = {isa = PBXFileReference; lastKnownFileType = sourcecode.c.objc; path = AppDelegate.m; sourceTree = "<group>"; };
		1AE19CC319FBB1AF00A716D5 /* Images.xcassets */ = {isa = PBXFileReference; lastKnownFileType = folder.assetcatalog; path = Images.xcassets; sourceTree = "<group>"; };
		1AE19CCC19FBB1AF00A716D5 /* SavannahEchoExampleTests.xctest */ = {isa = PBXFileReference; explicitFileType = wrapper.cfbundle; includeInIndex = 0; path = SavannahEchoExampleTests.xctest; sourceTree = BUILT_PRODUCTS_DIR; };
		1AE19CD119FBB1AF00A716D5 /* Info.plist */ = {isa = PBXFileReference; lastKnownFileType = text.plist.xml; path = Info.plist; sourceTree = "<group>"; };
		1AE19CD219FBB1AF00A716D5 /* SavannahEchoExampleTests.m */ = {isa = PBXFileReference; lastKnownFileType = sourcecode.c.objc; path = SavannahEchoExampleTests.m; sourceTree = "<group>"; };
		1AE19CDC19FBB21B00A716D5 /* SVNHCommand.h */ = {isa = PBXFileReference; fileEncoding = 4; lastKnownFileType = sourcecode.c.h; path = SVNHCommand.h; sourceTree = "<group>"; };
		1AE19CDD19FBB21B00A716D5 /* SVNHCommand.m */ = {isa = PBXFileReference; fileEncoding = 4; lastKnownFileType = sourcecode.c.objc; path = SVNHCommand.m; sourceTree = "<group>"; };
		1AE19CDF19FBB26300A716D5 /* SVNHWebViewManager.h */ = {isa = PBXFileReference; fileEncoding = 4; lastKnownFileType = sourcecode.c.h; path = SVNHWebViewManager.h; sourceTree = "<group>"; };
		1AE19CE019FBB26300A716D5 /* SVNHWebViewManager.m */ = {isa = PBXFileReference; fileEncoding = 4; lastKnownFileType = sourcecode.c.objc; path = SVNHWebViewManager.m; sourceTree = "<group>"; };
		1AE19CE219FBB29500A716D5 /* SVNHPlugin.h */ = {isa = PBXFileReference; lastKnownFileType = sourcecode.c.h; path = SVNHPlugin.h; sourceTree = "<group>"; };
		1AE19CE319FBB30100A716D5 /* UIKit.framework */ = {isa = PBXFileReference; lastKnownFileType = wrapper.framework; name = UIKit.framework; path = System/Library/Frameworks/UIKit.framework; sourceTree = SDKROOT; };
		1AE19CE519FBB3F800A716D5 /* Foundation.framework */ = {isa = PBXFileReference; lastKnownFileType = wrapper.framework; name = Foundation.framework; path = System/Library/Frameworks/Foundation.framework; sourceTree = SDKROOT; };
		1AE19CE719FBC25700A716D5 /* SVNHEchoPlugin.h */ = {isa = PBXFileReference; fileEncoding = 4; lastKnownFileType = sourcecode.c.h; path = SVNHEchoPlugin.h; sourceTree = "<group>"; };
		1AE19CE819FBC25700A716D5 /* SVNHEchoPlugin.m */ = {isa = PBXFileReference; fileEncoding = 4; lastKnownFileType = sourcecode.c.objc; path = SVNHEchoPlugin.m; sourceTree = "<group>"; };
		1AE19CEA19FBC68700A716D5 /* www */ = {isa = PBXFileReference; lastKnownFileType = folder; path = www; sourceTree = "<group>"; };
		1AE19CED19FBDB1500A716D5 /* Default-568h@2x.png */ = {isa = PBXFileReference; lastKnownFileType = image.png; path = "Default-568h@2x.png"; sourceTree = "<group>"; };
/* End PBXFileReference section */

/* Begin PBXFrameworksBuildPhase section */
		1AE19CB019FBB1AF00A716D5 /* Frameworks */ = {
			isa = PBXFrameworksBuildPhase;
			buildActionMask = 2147483647;
			files = (
				1AE19CE619FBB3F800A716D5 /* Foundation.framework in Frameworks */,
				1AE19CE419FBB30100A716D5 /* UIKit.framework in Frameworks */,
			);
			runOnlyForDeploymentPostprocessing = 0;
		};
		1AE19CC919FBB1AF00A716D5 /* Frameworks */ = {
			isa = PBXFrameworksBuildPhase;
			buildActionMask = 2147483647;
			files = (
			);
			runOnlyForDeploymentPostprocessing = 0;
		};
/* End PBXFrameworksBuildPhase section */

/* Begin PBXGroup section */
		1AE19CAA19FBB1AF00A716D5 = {
			isa = PBXGroup;
			children = (
				1AE19CED19FBDB1500A716D5 /* Default-568h@2x.png */,
				1AE19CB519FBB1AF00A716D5 /* SavannahEchoExample */,
				1AE19CEC19FBC69700A716D5 /* Frameworks */,
				1AE19CCF19FBB1AF00A716D5 /* SavannahEchoExampleTests */,
				1AE19CB419FBB1AF00A716D5 /* Products */,
				1AE19CEA19FBC68700A716D5 /* www */,
			);
			sourceTree = "<group>";
		};
		1AE19CB419FBB1AF00A716D5 /* Products */ = {
			isa = PBXGroup;
			children = (
				1AE19CB319FBB1AF00A716D5 /* SavannahEchoExample.app */,
				1AE19CCC19FBB1AF00A716D5 /* SavannahEchoExampleTests.xctest */,
			);
			name = Products;
			sourceTree = "<group>";
		};
		1AE19CB519FBB1AF00A716D5 /* SavannahEchoExample */ = {
			isa = PBXGroup;
			children = (
				1AE19CBA19FBB1AF00A716D5 /* AppDelegate.h */,
				1AE19CBB19FBB1AF00A716D5 /* AppDelegate.m */,
				1AE19CC319FBB1AF00A716D5 /* Images.xcassets */,
				1AE19CB619FBB1AF00A716D5 /* Supporting Files */,
				1AE19CDC19FBB21B00A716D5 /* SVNHCommand.h */,
				1AE19CDD19FBB21B00A716D5 /* SVNHCommand.m */,
				1AE19CDF19FBB26300A716D5 /* SVNHWebViewManager.h */,
				1AE19CE019FBB26300A716D5 /* SVNHWebViewManager.m */,
				1AE19CE219FBB29500A716D5 /* SVNHPlugin.h */,
				1AE19CE719FBC25700A716D5 /* SVNHEchoPlugin.h */,
				1AE19CE819FBC25700A716D5 /* SVNHEchoPlugin.m */,
			);
			path = SavannahEchoExample;
			sourceTree = "<group>";
		};
		1AE19CB619FBB1AF00A716D5 /* Supporting Files */ = {
			isa = PBXGroup;
			children = (
				1AE19CB719FBB1AF00A716D5 /* Info.plist */,
				1AE19CB819FBB1AF00A716D5 /* main.m */,
			);
			name = "Supporting Files";
			sourceTree = "<group>";
		};
		1AE19CCF19FBB1AF00A716D5 /* SavannahEchoExampleTests */ = {
			isa = PBXGroup;
			children = (
				1AE19CD219FBB1AF00A716D5 /* SavannahEchoExampleTests.m */,
				1AE19CD019FBB1AF00A716D5 /* Supporting Files */,
			);
			path = SavannahEchoExampleTests;
			sourceTree = "<group>";
		};
		1AE19CD019FBB1AF00A716D5 /* Supporting Files */ = {
			isa = PBXGroup;
			children = (
				1AE19CD119FBB1AF00A716D5 /* Info.plist */,
			);
			name = "Supporting Files";
			sourceTree = "<group>";
		};
		1AE19CEC19FBC69700A716D5 /* Frameworks */ = {
			isa = PBXGroup;
			children = (
				1AE19CE519FBB3F800A716D5 /* Foundation.framework */,
				1AE19CE319FBB30100A716D5 /* UIKit.framework */,
			);
			name = Frameworks;
			sourceTree = "<group>";
		};
/* End PBXGroup section */

/* Begin PBXNativeTarget section */
		1AE19CB219FBB1AF00A716D5 /* SavannahEchoExample */ = {
			isa = PBXNativeTarget;
			buildConfigurationList = 1AE19CD619FBB1AF00A716D5 /* Build configuration list for PBXNativeTarget "SavannahEchoExample" */;
			buildPhases = (
				1AE19CAF19FBB1AF00A716D5 /* Sources */,
				1AE19CB019FBB1AF00A716D5 /* Frameworks */,
				1AE19CB119FBB1AF00A716D5 /* Resources */,
			);
			buildRules = (
			);
			dependencies = (
			);
			name = SavannahEchoExample;
			productName = SavannahEchoExample;
			productReference = 1AE19CB319FBB1AF00A716D5 /* SavannahEchoExample.app */;
			productType = "com.apple.product-type.application";
		};
		1AE19CCB19FBB1AF00A716D5 /* SavannahEchoExampleTests */ = {
			isa = PBXNativeTarget;
			buildConfigurationList = 1AE19CD919FBB1AF00A716D5 /* Build configuration list for PBXNativeTarget "SavannahEchoExampleTests" */;
			buildPhases = (
				1AE19CC819FBB1AF00A716D5 /* Sources */,
				1AE19CC919FBB1AF00A716D5 /* Frameworks */,
				1AE19CCA19FBB1AF00A716D5 /* Resources */,
			);
			buildRules = (
			);
			dependencies = (
				1AE19CCE19FBB1AF00A716D5 /* PBXTargetDependency */,
			);
			name = SavannahEchoExampleTests;
			productName = SavannahEchoExampleTests;
			productReference = 1AE19CCC19FBB1AF00A716D5 /* SavannahEchoExampleTests.xctest */;
			productType = "com.apple.product-type.bundle.unit-test";
		};
/* End PBXNativeTarget section */

/* Begin PBXProject section */
		1AE19CAB19FBB1AF00A716D5 /* Project object */ = {
			isa = PBXProject;
			attributes = {
				LastUpgradeCheck = 0610;
				ORGANIZATIONNAME = "James Ward";
				TargetAttributes = {
					1AE19CB219FBB1AF00A716D5 = {
						CreatedOnToolsVersion = 6.1;
					};
					1AE19CCB19FBB1AF00A716D5 = {
						CreatedOnToolsVersion = 6.1;
						TestTargetID = 1AE19CB219FBB1AF00A716D5;
					};
				};
			};
			buildConfigurationList = 1AE19CAE19FBB1AF00A716D5 /* Build configuration list for PBXProject "SavannahEchoExample" */;
			compatibilityVersion = "Xcode 3.2";
			developmentRegion = English;
			hasScannedForEncodings = 0;
			knownRegions = (
				en,
				Base,
			);
			mainGroup = 1AE19CAA19FBB1AF00A716D5;
			productRefGroup = 1AE19CB419FBB1AF00A716D5 /* Products */;
			projectDirPath = "";
			projectRoot = "";
			targets = (
				1AE19CB219FBB1AF00A716D5 /* SavannahEchoExample */,
				1AE19CCB19FBB1AF00A716D5 /* SavannahEchoExampleTests */,
			);
		};
/* End PBXProject section */

/* Begin PBXResourcesBuildPhase section */
		1AE19CB119FBB1AF00A716D5 /* Resources */ = {
			isa = PBXResourcesBuildPhase;
			buildActionMask = 2147483647;
			files = (
				1AE19CEB19FBC68700A716D5 /* www in Resources */,
				1AE19CC419FBB1AF00A716D5 /* Images.xcassets in Resources */,
				1AE19CEE19FBDB1500A716D5 /* Default-568h@2x.png in Resources */,
			);
			runOnlyForDeploymentPostprocessing = 0;
		};
		1AE19CCA19FBB1AF00A716D5 /* Resources */ = {
			isa = PBXResourcesBuildPhase;
			buildActionMask = 2147483647;
			files = (
			);
			runOnlyForDeploymentPostprocessing = 0;
		};
/* End PBXResourcesBuildPhase section */

/* Begin PBXSourcesBuildPhase section */
		1AE19CAF19FBB1AF00A716D5 /* Sources */ = {
			isa = PBXSourcesBuildPhase;
			buildActionMask = 2147483647;
			files = (
				1AE19CBC19FBB1AF00A716D5 /* AppDelegate.m in Sources */,
				1AE19CDE19FBB21B00A716D5 /* SVNHCommand.m in Sources */,
				1AE19CB919FBB1AF00A716D5 /* main.m in Sources */,
				1AE19CE919FBC25700A716D5 /* SVNHEchoPlugin.m in Sources */,
				1AE19CE119FBB26300A716D5 /* SVNHWebViewManager.m in Sources */,
			);
			runOnlyForDeploymentPostprocessing = 0;
		};
		1AE19CC819FBB1AF00A716D5 /* Sources */ = {
			isa = PBXSourcesBuildPhase;
			buildActionMask = 2147483647;
			files = (
				1AE19CD319FBB1AF00A716D5 /* SavannahEchoExampleTests.m in Sources */,
			);
			runOnlyForDeploymentPostprocessing = 0;
		};
/* End PBXSourcesBuildPhase section */

/* Begin PBXTargetDependency section */
		1AE19CCE19FBB1AF00A716D5 /* PBXTargetDependency */ = {
			isa = PBXTargetDependency;
			target = 1AE19CB219FBB1AF00A716D5 /* SavannahEchoExample */;
			targetProxy = 1AE19CCD19FBB1AF00A716D5 /* PBXContainerItemProxy */;
		};
/* End PBXTargetDependency section */

/* Begin XCBuildConfiguration section */
		1AE19CD419FBB1AF00A716D5 /* Debug */ = {
			isa = XCBuildConfiguration;
			buildSettings = {
				ALWAYS_SEARCH_USER_PATHS = NO;
				CLANG_CXX_LANGUAGE_STANDARD = "gnu++0x";
				CLANG_CXX_LIBRARY = "libc++";
				CLANG_ENABLE_MODULES = YES;
				CLANG_ENABLE_OBJC_ARC = YES;
				CLANG_WARN_BOOL_CONVERSION = YES;
				CLANG_WARN_CONSTANT_CONVERSION = YES;
				CLANG_WARN_DIRECT_OBJC_ISA_USAGE = YES_ERROR;
				CLANG_WARN_EMPTY_BODY = YES;
				CLANG_WARN_ENUM_CONVERSION = YES;
				CLANG_WARN_INT_CONVERSION = YES;
				CLANG_WARN_OBJC_ROOT_CLASS = YES_ERROR;
				CLANG_WARN_UNREACHABLE_CODE = YES;
				CLANG_WARN__DUPLICATE_METHOD_MATCH = YES;
				"CODE_SIGN_IDENTITY[sdk=iphoneos*]" = "iPhone Developer";
				COPY_PHASE_STRIP = NO;
				ENABLE_STRICT_OBJC_MSGSEND = YES;
				GCC_C_LANGUAGE_STANDARD = gnu99;
				GCC_DYNAMIC_NO_PIC = NO;
				GCC_OPTIMIZATION_LEVEL = 0;
				GCC_PREPROCESSOR_DEFINITIONS = (
					"DEBUG=1",
					"$(inherited)",
				);
				GCC_SYMBOLS_PRIVATE_EXTERN = NO;
				GCC_WARN_64_TO_32_BIT_CONVERSION = YES;
				GCC_WARN_ABOUT_RETURN_TYPE = YES_ERROR;
				GCC_WARN_UNDECLARED_SELECTOR = YES;
				GCC_WARN_UNINITIALIZED_AUTOS = YES_AGGRESSIVE;
				GCC_WARN_UNUSED_FUNCTION = YES;
				GCC_WARN_UNUSED_VARIABLE = YES;
				IPHONEOS_DEPLOYMENT_TARGET = 7.0;
				MTL_ENABLE_DEBUG_INFO = YES;
				ONLY_ACTIVE_ARCH = YES;
				SDKROOT = iphoneos;
				TARGETED_DEVICE_FAMILY = "1,2";
			};
			name = Debug;
		};
		1AE19CD519FBB1AF00A716D5 /* Release */ = {
			isa = XCBuildConfiguration;
			buildSettings = {
				ALWAYS_SEARCH_USER_PATHS = NO;
				CLANG_CXX_LANGUAGE_STANDARD = "gnu++0x";
				CLANG_CXX_LIBRARY = "libc++";
				CLANG_ENABLE_MODULES = YES;
				CLANG_ENABLE_OBJC_ARC = YES;
				CLANG_WARN_BOOL_CONVERSION = YES;
				CLANG_WARN_CONSTANT_CONVERSION = YES;
				CLANG_WARN_DIRECT_OBJC_ISA_USAGE = YES_ERROR;
				CLANG_WARN_EMPTY_BODY = YES;
				CLANG_WARN_ENUM_CONVERSION = YES;
				CLANG_WARN_INT_CONVERSION = YES;
				CLANG_WARN_OBJC_ROOT_CLASS = YES_ERROR;
				CLANG_WARN_UNREACHABLE_CODE = YES;
				CLANG_WARN__DUPLICATE_METHOD_MATCH = YES;
				"CODE_SIGN_IDENTITY[sdk=iphoneos*]" = "iPhone Developer";
				COPY_PHASE_STRIP = YES;
				ENABLE_NS_ASSERTIONS = NO;
				ENABLE_STRICT_OBJC_MSGSEND = YES;
				GCC_C_LANGUAGE_STANDARD = gnu99;
				GCC_WARN_64_TO_32_BIT_CONVERSION = YES;
				GCC_WARN_ABOUT_RETURN_TYPE = YES_ERROR;
				GCC_WARN_UNDECLARED_SELECTOR = YES;
				GCC_WARN_UNINITIALIZED_AUTOS = YES_AGGRESSIVE;
				GCC_WARN_UNUSED_FUNCTION = YES;
				GCC_WARN_UNUSED_VARIABLE = YES;
				IPHONEOS_DEPLOYMENT_TARGET = 7.0;
				MTL_ENABLE_DEBUG_INFO = NO;
				SDKROOT = iphoneos;
				TARGETED_DEVICE_FAMILY = "1,2";
				VALIDATE_PRODUCT = YES;
			};
			name = Release;
		};
		1AE19CD719FBB1AF00A716D5 /* Debug */ = {
			isa = XCBuildConfiguration;
			buildSettings = {
				ASSETCATALOG_COMPILER_APPICON_NAME = AppIcon;
				INFOPLIST_FILE = SavannahEchoExample/Info.plist;
				LD_RUNPATH_SEARCH_PATHS = "$(inherited) @executable_path/Frameworks";
				PRODUCT_NAME = "$(TARGET_NAME)";
			};
			name = Debug;
		};
		1AE19CD819FBB1AF00A716D5 /* Release */ = {
			isa = XCBuildConfiguration;
			buildSettings = {
				ASSETCATALOG_COMPILER_APPICON_NAME = AppIcon;
				INFOPLIST_FILE = SavannahEchoExample/Info.plist;
				LD_RUNPATH_SEARCH_PATHS = "$(inherited) @executable_path/Frameworks";
				PRODUCT_NAME = "$(TARGET_NAME)";
			};
			name = Release;
		};
		1AE19CDA19FBB1AF00A716D5 /* Debug */ = {
			isa = XCBuildConfiguration;
			buildSettings = {
				BUNDLE_LOADER = "$(TEST_HOST)";
				FRAMEWORK_SEARCH_PATHS = (
					"$(SDKROOT)/Developer/Library/Frameworks",
					"$(inherited)",
				);
				GCC_PREPROCESSOR_DEFINITIONS = (
					"DEBUG=1",
					"$(inherited)",
				);
				INFOPLIST_FILE = SavannahEchoExampleTests/Info.plist;
				LD_RUNPATH_SEARCH_PATHS = "$(inherited) @executable_path/Frameworks @loader_path/Frameworks";
				PRODUCT_NAME = "$(TARGET_NAME)";
				TEST_HOST = "$(BUILT_PRODUCTS_DIR)/SavannahEchoExample.app/SavannahEchoExample";
			};
			name = Debug;
		};
		1AE19CDB19FBB1AF00A716D5 /* Release */ = {
			isa = XCBuildConfiguration;
			buildSettings = {
				BUNDLE_LOADER = "$(TEST_HOST)";
				FRAMEWORK_SEARCH_PATHS = (
					"$(SDKROOT)/Developer/Library/Frameworks",
					"$(inherited)",
				);
				INFOPLIST_FILE = SavannahEchoExampleTests/Info.plist;
				LD_RUNPATH_SEARCH_PATHS = "$(inherited) @executable_path/Frameworks @loader_path/Frameworks";
				PRODUCT_NAME = "$(TARGET_NAME)";
				TEST_HOST = "$(BUILT_PRODUCTS_DIR)/SavannahEchoExample.app/SavannahEchoExample";
			};
			name = Release;
		};
/* End XCBuildConfiguration section */

/* Begin XCConfigurationList section */
		1AE19CAE19FBB1AF00A716D5 /* Build configuration list for PBXProject "SavannahEchoExample" */ = {
			isa = XCConfigurationList;
			buildConfigurations = (
				1AE19CD419FBB1AF00A716D5 /* Debug */,
				1AE19CD519FBB1AF00A716D5 /* Release */,
			);
			defaultConfigurationIsVisible = 0;
			defaultConfigurationName = Release;
		};
		1AE19CD619FBB1AF00A716D5 /* Build configuration list for PBXNativeTarget "SavannahEchoExample" */ = {
			isa = XCConfigurationList;
			buildConfigurations = (
				1AE19CD719FBB1AF00A716D5 /* Debug */,
				1AE19CD819FBB1AF00A716D5 /* Release */,
			);
			defaultConfigurationIsVisible = 0;
			defaultConfigurationName = Release;
		};
		1AE19CD919FBB1AF00A716D5 /* Build configuration list for PBXNativeTarget "SavannahEchoExampleTests" */ = {
			isa = XCConfigurationList;
			buildConfigurations = (
				1AE19CDA19FBB1AF00A716D5 /* Debug */,
				1AE19CDB19FBB1AF00A716D5 /* Release */,
			);
			defaultConfigurationIsVisible = 0;
			defaultConfigurationName = Release;
		};
/* End XCConfigurationList section */
	};
	rootObject = 1AE19CAB19FBB1AF00A716D5 /* Project object */;
}
